
Microsoft Visual Studio Solution File, Format Version 12.00
# Visual Studio Version 17
VisualStudioVersion = 17.1.32421.90
MinimumVisualStudioVersion = 10.0.40219.1
Project("{9A19103F-16F7-4668-BE54-9A1E7A4F7556}") = "BackEnd.API", "src\BackEnd.API\BackEnd.API.csproj", "{4C171D5A-C0E6-491D-A6F2-0F3E81DA206F}"
EndProject
Project("{9A19103F-16F7-4668-BE54-9A1E7A4F7556}") = "BackEnd.Business", "src\Backend.Business\BackEnd.Business.csproj", "{BD2EEB53-0795-4741-9DA6-02990DB7ABD8}"
EndProject
Project("{9A19103F-16F7-4668-BE54-9A1E7A4F7556}") = "BackEnd.DataAccess", "src\Backend.DataAccess\BackEnd.DataAccess.csproj", "{C9291D52-D3FB-473D-8B1D-D4C5015D1C58}"
EndProject
Project("{9A19103F-16F7-4668-BE54-9A1E7A4F7556}") = "BackEnd.Models", "src\BackEnd.Models\BackEnd.Models.csproj", "{1E107F12-B11D-43E1-997B-58157FA34E77}"
EndProject
Project("{FAE04EC0-301F-11D3-BF4B-00C04F79EFBC}") = "BackEnd.Common", "src\BackEnd.Common\BackEnd.Common.csproj", "{78B5D4A2-9AC3-4517-9FCF-8925ABB95198}"
EndProject
Global
	GlobalSection(SolutionConfigurationPlatforms) = preSolution
		Debug|Any CPU = Debug|Any CPU
		Release|Any CPU = Release|Any CPU
	EndGlobalSection
	GlobalSection(ProjectConfigurationPlatforms) = postSolution
		{4C171D5A-C0E6-491D-A6F2-0F3E81DA206F}.Debug|Any CPU.ActiveCfg = Debug|Any CPU
		{4C171D5A-C0E6-491D-A6F2-0F3E81DA206F}.Debug|Any CPU.Build.0 = Debug|Any CPU
		{4C171D5A-C0E6-491D-A6F2-0F3E81DA206F}.Release|Any CPU.ActiveCfg = Release|Any CPU
		{4C171D5A-C0E6-491D-A6F2-0F3E81DA206F}.Release|Any CPU.Build.0 = Release|Any CPU
		{BD2EEB53-0795-4741-9DA6-02990DB7ABD8}.Debug|Any CPU.ActiveCfg = Debug|Any CPU
		{BD2EEB53-0795-4741-9DA6-02990DB7ABD8}.Debug|Any CPU.Build.0 = Debug|Any CPU
		{BD2EEB53-0795-4741-9DA6-02990DB7ABD8}.Release|Any CPU.ActiveCfg = Release|Any CPU
		{BD2EEB53-0795-4741-9DA6-02990DB7ABD8}.Release|Any CPU.Build.0 = Release|Any CPU
		{C9291D52-D3FB-473D-8B1D-D4C5015D1C58}.Debug|Any CPU.ActiveCfg = Debug|Any CPU
		{C9291D52-D3FB-473D-8B1D-D4C5015D1C58}.Debug|Any CPU.Build.0 = Debug|Any CPU
		{C9291D52-D3FB-473D-8B1D-D4C5015D1C58}.Release|Any CPU.ActiveCfg = Release|Any CPU
		{C9291D52-D3FB-473D-8B1D-D4C5015D1C58}.Release|Any CPU.Build.0 = Release|Any CPU
		{1E107F12-B11D-43E1-997B-58157FA34E77}.Debug|Any CPU.ActiveCfg = Debug|Any CPU
		{1E107F12-B11D-43E1-997B-58157FA34E77}.Debug|Any CPU.Build.0 = Debug|Any CPU
		{1E107F12-B11D-43E1-997B-58157FA34E77}.Release|Any CPU.ActiveCfg = Release|Any CPU
		{1E107F12-B11D-43E1-997B-58157FA34E77}.Release|Any CPU.Build.0 = Release|Any CPU
		{78B5D4A2-9AC3-4517-9FCF-8925ABB95198}.Debug|Any CPU.ActiveCfg = Debug|Any CPU
		{78B5D4A2-9AC3-4517-9FCF-8925ABB95198}.Debug|Any CPU.Build.0 = Debug|Any CPU
		{78B5D4A2-9AC3-4517-9FCF-8925ABB95198}.Release|Any CPU.ActiveCfg = Release|Any CPU
		{78B5D4A2-9AC3-4517-9FCF-8925ABB95198}.Release|Any CPU.Build.0 = Release|Any CPU
	EndGlobalSection
	GlobalSection(SolutionProperties) = preSolution
		HideSolutionNode = FALSE
	EndGlobalSection
	GlobalSection(ExtensibilityGlobals) = postSolution
		SolutionGuid = {F30702DD-7E60-4C39-A231-E9D0AE9BE2D1}
	EndGlobalSection
EndGlobal
